// !$*UTF8*$!
{
	archiveVersion = 1;
	classes = {
	};
	objectVersion = 48;
	objects = {

/* Begin PBXBuildFile section */
		03C83B1A2045648400DA5857 /* AppDelegate.swift in Sources */ = {isa = PBXBuildFile; fileRef = 03C83B192045648400DA5857 /* AppDelegate.swift */; };
		03C83B1C2045648400DA5857 /* ViewController.swift in Sources */ = {isa = PBXBuildFile; fileRef = 03C83B1B2045648400DA5857 /* ViewController.swift */; };
		03C83B1F2045648400DA5857 /* Main.storyboard in Resources */ = {isa = PBXBuildFile; fileRef = 03C83B1D2045648400DA5857 /* Main.storyboard */; };
		03C83B242045648400DA5857 /* LaunchScreen.storyboard in Resources */ = {isa = PBXBuildFile; fileRef = 03C83B222045648400DA5857 /* LaunchScreen.storyboard */; };
		03C83B2F2045648400DA5857 /* ListingRestaurantTests.swift in Sources */ = {isa = PBXBuildFile; fileRef = 03C83B2E2045648400DA5857 /* ListingRestaurantTests.swift */; };
		03C83B3A2045648400DA5857 /* ListingRestaurantUITests.swift in Sources */ = {isa = PBXBuildFile; fileRef = 03C83B392045648400DA5857 /* ListingRestaurantUITests.swift */; };
		232F637E9ED2B1E11511C618 /* Pods_ListingRestaurantUITests.framework in Frameworks */ = {isa = PBXBuildFile; fileRef = 77CAA391E59378B9AC4838E9 /* Pods_ListingRestaurantUITests.framework */; };
		24CEE40C6B068428851C195C /* Pods_ListingRestaurant_ListingRestaurantTests.framework in Frameworks */ = {isa = PBXBuildFile; fileRef = 53617FA6EED79709428F4893 /* Pods_ListingRestaurant_ListingRestaurantTests.framework */; };
		694157880B0600761346901A /* Pods_ListingRestaurant.framework in Frameworks */ = {isa = PBXBuildFile; fileRef = B48E6E3335A373DA015D1AF9 /* Pods_ListingRestaurant.framework */; };
		8835F9AD1D734C122D672A98 /* Pods_ListingRestaurantTests.framework in Frameworks */ = {isa = PBXBuildFile; fileRef = 8E05D838FC6CF2D7723B6F4E /* Pods_ListingRestaurantTests.framework */; };
		CE5ECD692045B824004BC308 /* UIViewController+Extension.swift in Sources */ = {isa = PBXBuildFile; fileRef = CE5ECD682045B824004BC308 /* UIViewController+Extension.swift */; };
		CE5ECD6B2045B869004BC308 /* UIView+Extension.swift in Sources */ = {isa = PBXBuildFile; fileRef = CE5ECD6A2045B869004BC308 /* UIView+Extension.swift */; };
		CE5ECD6D2045B888004BC308 /* UITextField+Extension.swift in Sources */ = {isa = PBXBuildFile; fileRef = CE5ECD6C2045B888004BC308 /* UITextField+Extension.swift */; };
		CE5ECD6F2045B9F2004BC308 /* UIColor+Extension.swift in Sources */ = {isa = PBXBuildFile; fileRef = CE5ECD6E2045B9F2004BC308 /* UIColor+Extension.swift */; };
		CE5ECD712045BA10004BC308 /* UIButton+Extension.swift in Sources */ = {isa = PBXBuildFile; fileRef = CE5ECD702045BA10004BC308 /* UIButton+Extension.swift */; };
		CE5ECD732045BA2C004BC308 /* UIApplication+Extension.swift in Sources */ = {isa = PBXBuildFile; fileRef = CE5ECD722045BA2C004BC308 /* UIApplication+Extension.swift */; };
		CE5ECD752045BA4F004BC308 /* String+Extension.swift in Sources */ = {isa = PBXBuildFile; fileRef = CE5ECD742045BA4F004BC308 /* String+Extension.swift */; };
		CE5ECD772045BA9A004BC308 /* Assets.xcassets in Resources */ = {isa = PBXBuildFile; fileRef = CE5ECD762045BA9A004BC308 /* Assets.xcassets */; };
		CE5ECD7C2045BC14004BC308 /* ValidateService.swift in Sources */ = {isa = PBXBuildFile; fileRef = CE5ECD792045BC14004BC308 /* ValidateService.swift */; };
		CE5ECD7D2045BC14004BC308 /* ValidateProtocol.swift in Sources */ = {isa = PBXBuildFile; fileRef = CE5ECD7A2045BC14004BC308 /* ValidateProtocol.swift */; };
		CE5ECD7E2045BC14004BC308 /* BindingExtension.swift in Sources */ = {isa = PBXBuildFile; fileRef = CE5ECD7B2045BC14004BC308 /* BindingExtension.swift */; };
		CE5ECD802045BCF2004BC308 /* User.swift in Sources */ = {isa = PBXBuildFile; fileRef = CE5ECD7F2045BCF2004BC308 /* User.swift */; };
		CE5ECD822045BCFC004BC308 /* Restaurant.swift in Sources */ = {isa = PBXBuildFile; fileRef = CE5ECD812045BCFC004BC308 /* Restaurant.swift */; };
		CE5ECD842045BD0F004BC308 /* LoginViewController.swift in Sources */ = {isa = PBXBuildFile; fileRef = CE5ECD832045BD0F004BC308 /* LoginViewController.swift */; };
		CE5ECD862045BD1C004BC308 /* RestaurantViewController.swift in Sources */ = {isa = PBXBuildFile; fileRef = CE5ECD852045BD1C004BC308 /* RestaurantViewController.swift */; };
		CE5ECD892045BD46004BC308 /* RestaurantCell.swift in Sources */ = {isa = PBXBuildFile; fileRef = CE5ECD872045BD46004BC308 /* RestaurantCell.swift */; };
		CE5ECD8A2045BD46004BC308 /* RestaurantCell.xib in Resources */ = {isa = PBXBuildFile; fileRef = CE5ECD882045BD46004BC308 /* RestaurantCell.xib */; };
		CE5ECD8C2045BED1004BC308 /* Login.storyboard in Resources */ = {isa = PBXBuildFile; fileRef = CE5ECD8B2045BED1004BC308 /* Login.storyboard */; };
		CE5ECD8E2045BF6C004BC308 /* Helper.swift in Sources */ = {isa = PBXBuildFile; fileRef = CE5ECD8D2045BF6C004BC308 /* Helper.swift */; };
		CE5ECD902045C54B004BC308 /* restaurants.json in Resources */ = {isa = PBXBuildFile; fileRef = CE5ECD8F2045C54B004BC308 /* restaurants.json */; };
/* End PBXBuildFile section */

/* Begin PBXContainerItemProxy section */
		03C83B2B2045648400DA5857 /* PBXContainerItemProxy */ = {
			isa = PBXContainerItemProxy;
			containerPortal = 03C83B0E2045648400DA5857 /* Project object */;
			proxyType = 1;
			remoteGlobalIDString = 03C83B152045648400DA5857;
			remoteInfo = ListingRestaurant;
		};
		03C83B362045648400DA5857 /* PBXContainerItemProxy */ = {
			isa = PBXContainerItemProxy;
			containerPortal = 03C83B0E2045648400DA5857 /* Project object */;
			proxyType = 1;
			remoteGlobalIDString = 03C83B152045648400DA5857;
			remoteInfo = ListingRestaurant;
		};
/* End PBXContainerItemProxy section */

/* Begin PBXFileReference section */
		03C83B162045648400DA5857 /* ListingRestaurant.app */ = {isa = PBXFileReference; explicitFileType = wrapper.application; includeInIndex = 0; path = ListingRestaurant.app; sourceTree = BUILT_PRODUCTS_DIR; };
		03C83B192045648400DA5857 /* AppDelegate.swift */ = {isa = PBXFileReference; lastKnownFileType = sourcecode.swift; path = AppDelegate.swift; sourceTree = "<group>"; };
		03C83B1B2045648400DA5857 /* ViewController.swift */ = {isa = PBXFileReference; lastKnownFileType = sourcecode.swift; path = ViewController.swift; sourceTree = "<group>"; };
		03C83B1E2045648400DA5857 /* Base */ = {isa = PBXFileReference; lastKnownFileType = file.storyboard; name = Base; path = Base.lproj/Main.storyboard; sourceTree = "<group>"; };
		03C83B232045648400DA5857 /* Base */ = {isa = PBXFileReference; lastKnownFileType = file.storyboard; name = Base; path = Base.lproj/LaunchScreen.storyboard; sourceTree = "<group>"; };
		03C83B252045648400DA5857 /* Info.plist */ = {isa = PBXFileReference; lastKnownFileType = text.plist.xml; path = Info.plist; sourceTree = "<group>"; };
		03C83B2A2045648400DA5857 /* ListingRestaurantTests.xctest */ = {isa = PBXFileReference; explicitFileType = wrapper.cfbundle; includeInIndex = 0; path = ListingRestaurantTests.xctest; sourceTree = BUILT_PRODUCTS_DIR; };
		03C83B2E2045648400DA5857 /* ListingRestaurantTests.swift */ = {isa = PBXFileReference; lastKnownFileType = sourcecode.swift; path = ListingRestaurantTests.swift; sourceTree = "<group>"; };
		03C83B302045648400DA5857 /* Info.plist */ = {isa = PBXFileReference; lastKnownFileType = text.plist.xml; path = Info.plist; sourceTree = "<group>"; };
		03C83B352045648400DA5857 /* ListingRestaurantUITests.xctest */ = {isa = PBXFileReference; explicitFileType = wrapper.cfbundle; includeInIndex = 0; path = ListingRestaurantUITests.xctest; sourceTree = BUILT_PRODUCTS_DIR; };
		03C83B392045648400DA5857 /* ListingRestaurantUITests.swift */ = {isa = PBXFileReference; lastKnownFileType = sourcecode.swift; path = ListingRestaurantUITests.swift; sourceTree = "<group>"; };
		03C83B3B2045648400DA5857 /* Info.plist */ = {isa = PBXFileReference; lastKnownFileType = text.plist.xml; path = Info.plist; sourceTree = "<group>"; };
		0DD6F018FECA7085B9689E73 /* Pods-ListingRestaurant-ListingRestaurantTests.debug.xcconfig */ = {isa = PBXFileReference; includeInIndex = 1; lastKnownFileType = text.xcconfig; name = "Pods-ListingRestaurant-ListingRestaurantTests.debug.xcconfig"; path = "Pods/Target Support Files/Pods-ListingRestaurant-ListingRestaurantTests/Pods-ListingRestaurant-ListingRestaurantTests.debug.xcconfig"; sourceTree = "<group>"; };
		2EA1128863F93D0C25A20353 /* Pods-ListingRestaurantTests.release.xcconfig */ = {isa = PBXFileReference; includeInIndex = 1; lastKnownFileType = text.xcconfig; name = "Pods-ListingRestaurantTests.release.xcconfig"; path = "Pods/Target Support Files/Pods-ListingRestaurantTests/Pods-ListingRestaurantTests.release.xcconfig"; sourceTree = "<group>"; };
		53617FA6EED79709428F4893 /* Pods_ListingRestaurant_ListingRestaurantTests.framework */ = {isa = PBXFileReference; explicitFileType = wrapper.framework; includeInIndex = 0; path = Pods_ListingRestaurant_ListingRestaurantTests.framework; sourceTree = BUILT_PRODUCTS_DIR; };
		677DBC9F6B16B4FEF0081781 /* Pods-ListingRestaurant-ListingRestaurantTests.release.xcconfig */ = {isa = PBXFileReference; includeInIndex = 1; lastKnownFileType = text.xcconfig; name = "Pods-ListingRestaurant-ListingRestaurantTests.release.xcconfig"; path = "Pods/Target Support Files/Pods-ListingRestaurant-ListingRestaurantTests/Pods-ListingRestaurant-ListingRestaurantTests.release.xcconfig"; sourceTree = "<group>"; };
		77CAA391E59378B9AC4838E9 /* Pods_ListingRestaurantUITests.framework */ = {isa = PBXFileReference; explicitFileType = wrapper.framework; includeInIndex = 0; path = Pods_ListingRestaurantUITests.framework; sourceTree = BUILT_PRODUCTS_DIR; };
		8E05D838FC6CF2D7723B6F4E /* Pods_ListingRestaurantTests.framework */ = {isa = PBXFileReference; explicitFileType = wrapper.framework; includeInIndex = 0; path = Pods_ListingRestaurantTests.framework; sourceTree = BUILT_PRODUCTS_DIR; };
		A8CC9944895B2900F2A62327 /* Pods-ListingRestaurantTests.debug.xcconfig */ = {isa = PBXFileReference; includeInIndex = 1; lastKnownFileType = text.xcconfig; name = "Pods-ListingRestaurantTests.debug.xcconfig"; path = "Pods/Target Support Files/Pods-ListingRestaurantTests/Pods-ListingRestaurantTests.debug.xcconfig"; sourceTree = "<group>"; };
		B48E6E3335A373DA015D1AF9 /* Pods_ListingRestaurant.framework */ = {isa = PBXFileReference; explicitFileType = wrapper.framework; includeInIndex = 0; path = Pods_ListingRestaurant.framework; sourceTree = BUILT_PRODUCTS_DIR; };
		C58C4EBA77F940C571959F52 /* Pods-ListingRestaurant.debug.xcconfig */ = {isa = PBXFileReference; includeInIndex = 1; lastKnownFileType = text.xcconfig; name = "Pods-ListingRestaurant.debug.xcconfig"; path = "Pods/Target Support Files/Pods-ListingRestaurant/Pods-ListingRestaurant.debug.xcconfig"; sourceTree = "<group>"; };
		CB9360C69826FEC4A0C60896 /* Pods-ListingRestaurantUITests.debug.xcconfig */ = {isa = PBXFileReference; includeInIndex = 1; lastKnownFileType = text.xcconfig; name = "Pods-ListingRestaurantUITests.debug.xcconfig"; path = "Pods/Target Support Files/Pods-ListingRestaurantUITests/Pods-ListingRestaurantUITests.debug.xcconfig"; sourceTree = "<group>"; };
		CE5ECD682045B824004BC308 /* UIViewController+Extension.swift */ = {isa = PBXFileReference; lastKnownFileType = sourcecode.swift; path = "UIViewController+Extension.swift"; sourceTree = "<group>"; };
		CE5ECD6A2045B869004BC308 /* UIView+Extension.swift */ = {isa = PBXFileReference; lastKnownFileType = sourcecode.swift; path = "UIView+Extension.swift"; sourceTree = "<group>"; };
		CE5ECD6C2045B888004BC308 /* UITextField+Extension.swift */ = {isa = PBXFileReference; lastKnownFileType = sourcecode.swift; path = "UITextField+Extension.swift"; sourceTree = "<group>"; };
		CE5ECD6E2045B9F2004BC308 /* UIColor+Extension.swift */ = {isa = PBXFileReference; lastKnownFileType = sourcecode.swift; path = "UIColor+Extension.swift"; sourceTree = "<group>"; };
		CE5ECD702045BA10004BC308 /* UIButton+Extension.swift */ = {isa = PBXFileReference; lastKnownFileType = sourcecode.swift; path = "UIButton+Extension.swift"; sourceTree = "<group>"; };
		CE5ECD722045BA2C004BC308 /* UIApplication+Extension.swift */ = {isa = PBXFileReference; lastKnownFileType = sourcecode.swift; path = "UIApplication+Extension.swift"; sourceTree = "<group>"; };
		CE5ECD742045BA4F004BC308 /* String+Extension.swift */ = {isa = PBXFileReference; lastKnownFileType = sourcecode.swift; path = "String+Extension.swift"; sourceTree = "<group>"; };
		CE5ECD762045BA9A004BC308 /* Assets.xcassets */ = {isa = PBXFileReference; lastKnownFileType = folder.assetcatalog; path = Assets.xcassets; sourceTree = "<group>"; };
		CE5ECD792045BC14004BC308 /* ValidateService.swift */ = {isa = PBXFileReference; fileEncoding = 4; lastKnownFileType = sourcecode.swift; path = ValidateService.swift; sourceTree = "<group>"; };
		CE5ECD7A2045BC14004BC308 /* ValidateProtocol.swift */ = {isa = PBXFileReference; fileEncoding = 4; lastKnownFileType = sourcecode.swift; path = ValidateProtocol.swift; sourceTree = "<group>"; };
		CE5ECD7B2045BC14004BC308 /* BindingExtension.swift */ = {isa = PBXFileReference; fileEncoding = 4; lastKnownFileType = sourcecode.swift; path = BindingExtension.swift; sourceTree = "<group>"; };
		CE5ECD7F2045BCF2004BC308 /* User.swift */ = {isa = PBXFileReference; lastKnownFileType = sourcecode.swift; path = User.swift; sourceTree = "<group>"; };
		CE5ECD812045BCFC004BC308 /* Restaurant.swift */ = {isa = PBXFileReference; lastKnownFileType = sourcecode.swift; path = Restaurant.swift; sourceTree = "<group>"; };
		CE5ECD832045BD0F004BC308 /* LoginViewController.swift */ = {isa = PBXFileReference; lastKnownFileType = sourcecode.swift; path = LoginViewController.swift; sourceTree = "<group>"; };
		CE5ECD852045BD1C004BC308 /* RestaurantViewController.swift */ = {isa = PBXFileReference; lastKnownFileType = sourcecode.swift; path = RestaurantViewController.swift; sourceTree = "<group>"; };
		CE5ECD872045BD46004BC308 /* RestaurantCell.swift */ = {isa = PBXFileReference; lastKnownFileType = sourcecode.swift; path = RestaurantCell.swift; sourceTree = "<group>"; };
		CE5ECD882045BD46004BC308 /* RestaurantCell.xib */ = {isa = PBXFileReference; lastKnownFileType = file.xib; path = RestaurantCell.xib; sourceTree = "<group>"; };
		CE5ECD8B2045BED1004BC308 /* Login.storyboard */ = {isa = PBXFileReference; lastKnownFileType = file.storyboard; path = Login.storyboard; sourceTree = "<group>"; };
		CE5ECD8D2045BF6C004BC308 /* Helper.swift */ = {isa = PBXFileReference; lastKnownFileType = sourcecode.swift; path = Helper.swift; sourceTree = "<group>"; };
		CE5ECD8F2045C54B004BC308 /* restaurants.json */ = {isa = PBXFileReference; fileEncoding = 4; lastKnownFileType = text.json; path = restaurants.json; sourceTree = "<group>"; };
		D379821176EC30FD35F92926 /* Pods-ListingRestaurant.release.xcconfig */ = {isa = PBXFileReference; includeInIndex = 1; lastKnownFileType = text.xcconfig; name = "Pods-ListingRestaurant.release.xcconfig"; path = "Pods/Target Support Files/Pods-ListingRestaurant/Pods-ListingRestaurant.release.xcconfig"; sourceTree = "<group>"; };
		D5745487996BE9C2B34224C8 /* Pods-ListingRestaurantUITests.release.xcconfig */ = {isa = PBXFileReference; includeInIndex = 1; lastKnownFileType = text.xcconfig; name = "Pods-ListingRestaurantUITests.release.xcconfig"; path = "Pods/Target Support Files/Pods-ListingRestaurantUITests/Pods-ListingRestaurantUITests.release.xcconfig"; sourceTree = "<group>"; };
/* End PBXFileReference section */

/* Begin PBXFrameworksBuildPhase section */
		03C83B132045648400DA5857 /* Frameworks */ = {
			isa = PBXFrameworksBuildPhase;
			buildActionMask = 2147483647;
			files = (
				694157880B0600761346901A /* Pods_ListingRestaurant.framework in Frameworks */,
			);
			runOnlyForDeploymentPostprocessing = 0;
		};
		03C83B272045648400DA5857 /* Frameworks */ = {
			isa = PBXFrameworksBuildPhase;
			buildActionMask = 2147483647;
			files = (
				8835F9AD1D734C122D672A98 /* Pods_ListingRestaurantTests.framework in Frameworks */,
				24CEE40C6B068428851C195C /* Pods_ListingRestaurant_ListingRestaurantTests.framework in Frameworks */,
			);
			runOnlyForDeploymentPostprocessing = 0;
		};
		03C83B322045648400DA5857 /* Frameworks */ = {
			isa = PBXFrameworksBuildPhase;
			buildActionMask = 2147483647;
			files = (
				232F637E9ED2B1E11511C618 /* Pods_ListingRestaurantUITests.framework in Frameworks */,
			);
			runOnlyForDeploymentPostprocessing = 0;
		};
/* End PBXFrameworksBuildPhase section */

/* Begin PBXGroup section */
		03C83B0D2045648400DA5857 = {
			isa = PBXGroup;
			children = (
				03C83B182045648400DA5857 /* ListingRestaurant */,
				03C83B2D2045648400DA5857 /* ListingRestaurantTests */,
				03C83B382045648400DA5857 /* ListingRestaurantUITests */,
				03C83B172045648400DA5857 /* Products */,
				EE54F4B0159E9DB369B381A5 /* Pods */,
				C9EC8F16CF7E6B992E013EE6 /* Frameworks */,
			);
			sourceTree = "<group>";
		};
		03C83B172045648400DA5857 /* Products */ = {
			isa = PBXGroup;
			children = (
				03C83B162045648400DA5857 /* ListingRestaurant.app */,
				03C83B2A2045648400DA5857 /* ListingRestaurantTests.xctest */,
				03C83B352045648400DA5857 /* ListingRestaurantUITests.xctest */,
			);
			name = Products;
			sourceTree = "<group>";
		};
		03C83B182045648400DA5857 /* ListingRestaurant */ = {
			isa = PBXGroup;
			children = (
				CE5ECD672045B7A8004BC308 /* AppComponents */,
				CE5ECD602045B7A7004BC308 /* Extensions */,
				CE5ECD652045B7A8004BC308 /* Resources */,
				CE5ECD632045B7A7004BC308 /* Storyboards */,
				CE5ECD662045B7A8004BC308 /* Utilities */,
				CE5ECD612045B7A7004BC308 /* Views */,
				CE5ECD622045B7A7004BC308 /* Models */,
				CE5ECD5F2045B7A7004BC308 /* ViewControllers */,
				CE5ECD642045B7A8004BC308 /* ViewModels */,
				03C83B192045648400DA5857 /* AppDelegate.swift */,
				03C83B1B2045648400DA5857 /* ViewController.swift */,
				03C83B252045648400DA5857 /* Info.plist */,
			);
			path = ListingRestaurant;
			sourceTree = "<group>";
		};
		03C83B2D2045648400DA5857 /* ListingRestaurantTests */ = {
			isa = PBXGroup;
			children = (
				03C83B2E2045648400DA5857 /* ListingRestaurantTests.swift */,
				03C83B302045648400DA5857 /* Info.plist */,
			);
			path = ListingRestaurantTests;
			sourceTree = "<group>";
		};
		03C83B382045648400DA5857 /* ListingRestaurantUITests */ = {
			isa = PBXGroup;
			children = (
				03C83B392045648400DA5857 /* ListingRestaurantUITests.swift */,
				03C83B3B2045648400DA5857 /* Info.plist */,
			);
			path = ListingRestaurantUITests;
			sourceTree = "<group>";
		};
		C9EC8F16CF7E6B992E013EE6 /* Frameworks */ = {
			isa = PBXGroup;
			children = (
				B48E6E3335A373DA015D1AF9 /* Pods_ListingRestaurant.framework */,
				8E05D838FC6CF2D7723B6F4E /* Pods_ListingRestaurantTests.framework */,
				77CAA391E59378B9AC4838E9 /* Pods_ListingRestaurantUITests.framework */,
				53617FA6EED79709428F4893 /* Pods_ListingRestaurant_ListingRestaurantTests.framework */,
			);
			name = Frameworks;
			sourceTree = "<group>";
		};
		CE5ECD5F2045B7A7004BC308 /* ViewControllers */ = {
			isa = PBXGroup;
			children = (
				CE5ECD832045BD0F004BC308 /* LoginViewController.swift */,
				CE5ECD852045BD1C004BC308 /* RestaurantViewController.swift */,
			);
			path = ViewControllers;
			sourceTree = "<group>";
		};
		CE5ECD602045B7A7004BC308 /* Extensions */ = {
			isa = PBXGroup;
			children = (
				CE5ECD682045B824004BC308 /* UIViewController+Extension.swift */,
				CE5ECD6A2045B869004BC308 /* UIView+Extension.swift */,
				CE5ECD6C2045B888004BC308 /* UITextField+Extension.swift */,
				CE5ECD6E2045B9F2004BC308 /* UIColor+Extension.swift */,
				CE5ECD702045BA10004BC308 /* UIButton+Extension.swift */,
				CE5ECD722045BA2C004BC308 /* UIApplication+Extension.swift */,
				CE5ECD742045BA4F004BC308 /* String+Extension.swift */,
			);
			path = Extensions;
			sourceTree = "<group>";
		};
		CE5ECD612045B7A7004BC308 /* Views */ = {
			isa = PBXGroup;
			children = (
				CE5ECD872045BD46004BC308 /* RestaurantCell.swift */,
				CE5ECD882045BD46004BC308 /* RestaurantCell.xib */,
			);
			path = Views;
			sourceTree = "<group>";
		};
		CE5ECD622045B7A7004BC308 /* Models */ = {
			isa = PBXGroup;
			children = (
				CE5ECD7F2045BCF2004BC308 /* User.swift */,
				CE5ECD812045BCFC004BC308 /* Restaurant.swift */,
			);
			path = Models;
			sourceTree = "<group>";
		};
		CE5ECD632045B7A7004BC308 /* Storyboards */ = {
			isa = PBXGroup;
			children = (
				03C83B1D2045648400DA5857 /* Main.storyboard */,
				03C83B222045648400DA5857 /* LaunchScreen.storyboard */,
				CE5ECD8B2045BED1004BC308 /* Login.storyboard */,
			);
			path = Storyboards;
			sourceTree = "<group>";
		};
		CE5ECD642045B7A8004BC308 /* ViewModels */ = {
			isa = PBXGroup;
			children = (
			);
			path = ViewModels;
			sourceTree = "<group>";
		};
		CE5ECD652045B7A8004BC308 /* Resources */ = {
			isa = PBXGroup;
			children = (
				CE5ECD762045BA9A004BC308 /* Assets.xcassets */,
				CE5ECD8F2045C54B004BC308 /* restaurants.json */,
			);
			path = Resources;
			sourceTree = "<group>";
		};
		CE5ECD662045B7A8004BC308 /* Utilities */ = {
			isa = PBXGroup;
			children = (
				CE5ECD782045BC14004BC308 /* Validate */,
				CE5ECD8D2045BF6C004BC308 /* Helper.swift */,
			);
			path = Utilities;
			sourceTree = "<group>";
		};
		CE5ECD672045B7A8004BC308 /* AppComponents */ = {
			isa = PBXGroup;
			children = (
			);
			path = AppComponents;
			sourceTree = "<group>";
		};
		CE5ECD782045BC14004BC308 /* Validate */ = {
			isa = PBXGroup;
			children = (
				CE5ECD792045BC14004BC308 /* ValidateService.swift */,
				CE5ECD7A2045BC14004BC308 /* ValidateProtocol.swift */,
				CE5ECD7B2045BC14004BC308 /* BindingExtension.swift */,
			);
			path = Validate;
			sourceTree = "<group>";
		};
		EE54F4B0159E9DB369B381A5 /* Pods */ = {
			isa = PBXGroup;
			children = (
				C58C4EBA77F940C571959F52 /* Pods-ListingRestaurant.debug.xcconfig */,
				D379821176EC30FD35F92926 /* Pods-ListingRestaurant.release.xcconfig */,
				A8CC9944895B2900F2A62327 /* Pods-ListingRestaurantTests.debug.xcconfig */,
				2EA1128863F93D0C25A20353 /* Pods-ListingRestaurantTests.release.xcconfig */,
				CB9360C69826FEC4A0C60896 /* Pods-ListingRestaurantUITests.debug.xcconfig */,
				D5745487996BE9C2B34224C8 /* Pods-ListingRestaurantUITests.release.xcconfig */,
				0DD6F018FECA7085B9689E73 /* Pods-ListingRestaurant-ListingRestaurantTests.debug.xcconfig */,
				677DBC9F6B16B4FEF0081781 /* Pods-ListingRestaurant-ListingRestaurantTests.release.xcconfig */,
			);
			name = Pods;
			sourceTree = "<group>";
		};
/* End PBXGroup section */

/* Begin PBXNativeTarget section */
		03C83B152045648400DA5857 /* ListingRestaurant */ = {
			isa = PBXNativeTarget;
			buildConfigurationList = 03C83B3E2045648400DA5857 /* Build configuration list for PBXNativeTarget "ListingRestaurant" */;
			buildPhases = (
				AF432A45FAB557B45C126250 /* [CP] Check Pods Manifest.lock */,
				03C83B122045648400DA5857 /* Sources */,
				03C83B132045648400DA5857 /* Frameworks */,
				03C83B142045648400DA5857 /* Resources */,
				E1A472D29CCEAFED5B80DB0A /* [CP] Embed Pods Frameworks */,
				6B4AD8CDF735462270DE556C /* [CP] Copy Pods Resources */,
			);
			buildRules = (
			);
			dependencies = (
			);
			name = ListingRestaurant;
			productName = ListingRestaurant;
			productReference = 03C83B162045648400DA5857 /* ListingRestaurant.app */;
			productType = "com.apple.product-type.application";
		};
		03C83B292045648400DA5857 /* ListingRestaurantTests */ = {
			isa = PBXNativeTarget;
			buildConfigurationList = 03C83B412045648400DA5857 /* Build configuration list for PBXNativeTarget "ListingRestaurantTests" */;
			buildPhases = (
				F485FBA141C0C0EE89C5E0F2 /* [CP] Check Pods Manifest.lock */,
				03C83B262045648400DA5857 /* Sources */,
				03C83B272045648400DA5857 /* Frameworks */,
				03C83B282045648400DA5857 /* Resources */,
				691892FDAF4DB69EF81CFEC1 /* [CP] Embed Pods Frameworks */,
				77D3672ECC9D91BA9D3D5775 /* [CP] Copy Pods Resources */,
			);
			buildRules = (
			);
			dependencies = (
				03C83B2C2045648400DA5857 /* PBXTargetDependency */,
			);
			name = ListingRestaurantTests;
			productName = ListingRestaurantTests;
			productReference = 03C83B2A2045648400DA5857 /* ListingRestaurantTests.xctest */;
			productType = "com.apple.product-type.bundle.unit-test";
		};
		03C83B342045648400DA5857 /* ListingRestaurantUITests */ = {
			isa = PBXNativeTarget;
			buildConfigurationList = 03C83B442045648400DA5857 /* Build configuration list for PBXNativeTarget "ListingRestaurantUITests" */;
			buildPhases = (
				682766BDAAC0493714FF0CC9 /* [CP] Check Pods Manifest.lock */,
				03C83B312045648400DA5857 /* Sources */,
				03C83B322045648400DA5857 /* Frameworks */,
				03C83B332045648400DA5857 /* Resources */,
				D8063D8B18EE1963145915DC /* [CP] Embed Pods Frameworks */,
				B55C9D1F6A5E8D1FD32D8E9D /* [CP] Copy Pods Resources */,
			);
			buildRules = (
			);
			dependencies = (
				03C83B372045648400DA5857 /* PBXTargetDependency */,
			);
			name = ListingRestaurantUITests;
			productName = ListingRestaurantUITests;
			productReference = 03C83B352045648400DA5857 /* ListingRestaurantUITests.xctest */;
			productType = "com.apple.product-type.bundle.ui-testing";
		};
/* End PBXNativeTarget section */

/* Begin PBXProject section */
		03C83B0E2045648400DA5857 /* Project object */ = {
			isa = PBXProject;
			attributes = {
				LastSwiftUpdateCheck = 0920;
				LastUpgradeCheck = 0920;
				ORGANIZATIONNAME = "Tran Hoang Canh";
				TargetAttributes = {
					03C83B152045648400DA5857 = {
						CreatedOnToolsVersion = 9.2;
						ProvisioningStyle = Automatic;
					};
					03C83B292045648400DA5857 = {
						CreatedOnToolsVersion = 9.2;
						ProvisioningStyle = Automatic;
						TestTargetID = 03C83B152045648400DA5857;
					};
					03C83B342045648400DA5857 = {
						CreatedOnToolsVersion = 9.2;
						ProvisioningStyle = Automatic;
						TestTargetID = 03C83B152045648400DA5857;
					};
				};
			};
			buildConfigurationList = 03C83B112045648400DA5857 /* Build configuration list for PBXProject "ListingRestaurant" */;
			compatibilityVersion = "Xcode 8.0";
			developmentRegion = en;
			hasScannedForEncodings = 0;
			knownRegions = (
				en,
				Base,
			);
			mainGroup = 03C83B0D2045648400DA5857;
			productRefGroup = 03C83B172045648400DA5857 /* Products */;
			projectDirPath = "";
			projectRoot = "";
			targets = (
				03C83B152045648400DA5857 /* ListingRestaurant */,
				03C83B292045648400DA5857 /* ListingRestaurantTests */,
				03C83B342045648400DA5857 /* ListingRestaurantUITests */,
			);
		};
/* End PBXProject section */

/* Begin PBXResourcesBuildPhase section */
		03C83B142045648400DA5857 /* Resources */ = {
			isa = PBXResourcesBuildPhase;
			buildActionMask = 2147483647;
			files = (
				CE5ECD8A2045BD46004BC308 /* RestaurantCell.xib in Resources */,
				03C83B242045648400DA5857 /* LaunchScreen.storyboard in Resources */,
				CE5ECD772045BA9A004BC308 /* Assets.xcassets in Resources */,
				CE5ECD8C2045BED1004BC308 /* Login.storyboard in Resources */,
				CE5ECD902045C54B004BC308 /* restaurants.json in Resources */,
				03C83B1F2045648400DA5857 /* Main.storyboard in Resources */,
			);
			runOnlyForDeploymentPostprocessing = 0;
		};
		03C83B282045648400DA5857 /* Resources */ = {
			isa = PBXResourcesBuildPhase;
			buildActionMask = 2147483647;
			files = (
			);
			runOnlyForDeploymentPostprocessing = 0;
		};
		03C83B332045648400DA5857 /* Resources */ = {
			isa = PBXResourcesBuildPhase;
			buildActionMask = 2147483647;
			files = (
			);
			runOnlyForDeploymentPostprocessing = 0;
		};
/* End PBXResourcesBuildPhase section */

/* Begin PBXShellScriptBuildPhase section */
		682766BDAAC0493714FF0CC9 /* [CP] Check Pods Manifest.lock */ = {
			isa = PBXShellScriptBuildPhase;
			buildActionMask = 2147483647;
			files = (
			);
			inputPaths = (
				"${PODS_PODFILE_DIR_PATH}/Podfile.lock",
				"${PODS_ROOT}/Manifest.lock",
			);
			name = "[CP] Check Pods Manifest.lock";
			outputPaths = (
				"$(DERIVED_FILE_DIR)/Pods-ListingRestaurantUITests-checkManifestLockResult.txt",
			);
			runOnlyForDeploymentPostprocessing = 0;
			shellPath = /bin/sh;
			shellScript = "diff \"${PODS_PODFILE_DIR_PATH}/Podfile.lock\" \"${PODS_ROOT}/Manifest.lock\" > /dev/null\nif [ $? != 0 ] ; then\n    # print error to STDERR\n    echo \"error: The sandbox is not in sync with the Podfile.lock. Run 'pod install' or update your CocoaPods installation.\" >&2\n    exit 1\nfi\n";
			showEnvVarsInLog = 0;
		};
		691892FDAF4DB69EF81CFEC1 /* [CP] Embed Pods Frameworks */ = {
			isa = PBXShellScriptBuildPhase;
			buildActionMask = 2147483647;
			files = (
			);
			inputPaths = (
				"${SRCROOT}/Pods/Target Support Files/Pods-ListingRestaurant-ListingRestaurantTests/Pods-ListingRestaurant-ListingRestaurantTests-frameworks.sh",
				"${BUILT_PRODUCTS_DIR}/Alamofire/Alamofire.framework",
				"${BUILT_PRODUCTS_DIR}/CT_RESTAPI/CT_RESTAPI.framework",
				"${BUILT_PRODUCTS_DIR}/CocoaLumberjack/CocoaLumberjack.framework",
				"${BUILT_PRODUCTS_DIR}/FoldingCell/FoldingCell.framework",
				"${BUILT_PRODUCTS_DIR}/KeychainAccess/KeychainAccess.framework",
				"${BUILT_PRODUCTS_DIR}/Kingfisher/Kingfisher.framework",
				"${BUILT_PRODUCTS_DIR}/ObjectMapper/ObjectMapper.framework",
				"${BUILT_PRODUCTS_DIR}/Realm/Realm.framework",
				"${BUILT_PRODUCTS_DIR}/RealmSwift/RealmSwift.framework",
				"${BUILT_PRODUCTS_DIR}/RxCocoa/RxCocoa.framework",
				"${BUILT_PRODUCTS_DIR}/RxSwift/RxSwift.framework",
				"${BUILT_PRODUCTS_DIR}/SwiftyJSON/SwiftyJSON.framework",
				"${BUILT_PRODUCTS_DIR}/ViewAnimator/ViewAnimator.framework",
				"${BUILT_PRODUCTS_DIR}/Nimble/Nimble.framework",
				"${BUILT_PRODUCTS_DIR}/Quick/Quick.framework",
			);
			name = "[CP] Embed Pods Frameworks";
			outputPaths = (
				"${TARGET_BUILD_DIR}/${FRAMEWORKS_FOLDER_PATH}/Alamofire.framework",
				"${TARGET_BUILD_DIR}/${FRAMEWORKS_FOLDER_PATH}/CT_RESTAPI.framework",
				"${TARGET_BUILD_DIR}/${FRAMEWORKS_FOLDER_PATH}/CocoaLumberjack.framework",
				"${TARGET_BUILD_DIR}/${FRAMEWORKS_FOLDER_PATH}/FoldingCell.framework",
				"${TARGET_BUILD_DIR}/${FRAMEWORKS_FOLDER_PATH}/KeychainAccess.framework",
				"${TARGET_BUILD_DIR}/${FRAMEWORKS_FOLDER_PATH}/Kingfisher.framework",
				"${TARGET_BUILD_DIR}/${FRAMEWORKS_FOLDER_PATH}/ObjectMapper.framework",
				"${TARGET_BUILD_DIR}/${FRAMEWORKS_FOLDER_PATH}/Realm.framework",
				"${TARGET_BUILD_DIR}/${FRAMEWORKS_FOLDER_PATH}/RealmSwift.framework",
				"${TARGET_BUILD_DIR}/${FRAMEWORKS_FOLDER_PATH}/RxCocoa.framework",
				"${TARGET_BUILD_DIR}/${FRAMEWORKS_FOLDER_PATH}/RxSwift.framework",
				"${TARGET_BUILD_DIR}/${FRAMEWORKS_FOLDER_PATH}/SwiftyJSON.framework",
				"${TARGET_BUILD_DIR}/${FRAMEWORKS_FOLDER_PATH}/ViewAnimator.framework",
				"${TARGET_BUILD_DIR}/${FRAMEWORKS_FOLDER_PATH}/Nimble.framework",
				"${TARGET_BUILD_DIR}/${FRAMEWORKS_FOLDER_PATH}/Quick.framework",
			);
			runOnlyForDeploymentPostprocessing = 0;
			shellPath = /bin/sh;
			shellScript = "\"${SRCROOT}/Pods/Target Support Files/Pods-ListingRestaurant-ListingRestaurantTests/Pods-ListingRestaurant-ListingRestaurantTests-frameworks.sh\"\n";
			showEnvVarsInLog = 0;
		};
		6B4AD8CDF735462270DE556C /* [CP] Copy Pods Resources */ = {
			isa = PBXShellScriptBuildPhase;
			buildActionMask = 2147483647;
			files = (
			);
			inputPaths = (
			);
			name = "[CP] Copy Pods Resources";
			outputPaths = (
			);
			runOnlyForDeploymentPostprocessing = 0;
			shellPath = /bin/sh;
			shellScript = "\"${SRCROOT}/Pods/Target Support Files/Pods-ListingRestaurant/Pods-ListingRestaurant-resources.sh\"\n";
			showEnvVarsInLog = 0;
		};
		77D3672ECC9D91BA9D3D5775 /* [CP] Copy Pods Resources */ = {
			isa = PBXShellScriptBuildPhase;
			buildActionMask = 2147483647;
			files = (
			);
			inputPaths = (
			);
			name = "[CP] Copy Pods Resources";
			outputPaths = (
			);
			runOnlyForDeploymentPostprocessing = 0;
			shellPath = /bin/sh;
			shellScript = "\"${SRCROOT}/Pods/Target Support Files/Pods-ListingRestaurant-ListingRestaurantTests/Pods-ListingRestaurant-ListingRestaurantTests-resources.sh\"\n";
			showEnvVarsInLog = 0;
		};
		AF432A45FAB557B45C126250 /* [CP] Check Pods Manifest.lock */ = {
			isa = PBXShellScriptBuildPhase;
			buildActionMask = 2147483647;
			files = (
			);
			inputPaths = (
				"${PODS_PODFILE_DIR_PATH}/Podfile.lock",
				"${PODS_ROOT}/Manifest.lock",
			);
			name = "[CP] Check Pods Manifest.lock";
			outputPaths = (
				"$(DERIVED_FILE_DIR)/Pods-ListingRestaurant-checkManifestLockResult.txt",
			);
			runOnlyForDeploymentPostprocessing = 0;
			shellPath = /bin/sh;
			shellScript = "diff \"${PODS_PODFILE_DIR_PATH}/Podfile.lock\" \"${PODS_ROOT}/Manifest.lock\" > /dev/null\nif [ $? != 0 ] ; then\n    # print error to STDERR\n    echo \"error: The sandbox is not in sync with the Podfile.lock. Run 'pod install' or update your CocoaPods installation.\" >&2\n    exit 1\nfi\n";
			showEnvVarsInLog = 0;
		};
		B55C9D1F6A5E8D1FD32D8E9D /* [CP] Copy Pods Resources */ = {
			isa = PBXShellScriptBuildPhase;
			buildActionMask = 2147483647;
			files = (
			);
			inputPaths = (
			);
			name = "[CP] Copy Pods Resources";
			outputPaths = (
			);
			runOnlyForDeploymentPostprocessing = 0;
			shellPath = /bin/sh;
			shellScript = "\"${SRCROOT}/Pods/Target Support Files/Pods-ListingRestaurantUITests/Pods-ListingRestaurantUITests-resources.sh\"\n";
			showEnvVarsInLog = 0;
		};
		D8063D8B18EE1963145915DC /* [CP] Embed Pods Frameworks */ = {
			isa = PBXShellScriptBuildPhase;
			buildActionMask = 2147483647;
			files = (
			);
			inputPaths = (
			);
			name = "[CP] Embed Pods Frameworks";
			outputPaths = (
			);
			runOnlyForDeploymentPostprocessing = 0;
			shellPath = /bin/sh;
			shellScript = "\"${SRCROOT}/Pods/Target Support Files/Pods-ListingRestaurantUITests/Pods-ListingRestaurantUITests-frameworks.sh\"\n";
			showEnvVarsInLog = 0;
		};
		E1A472D29CCEAFED5B80DB0A /* [CP] Embed Pods Frameworks */ = {
			isa = PBXShellScriptBuildPhase;
			buildActionMask = 2147483647;
			files = (
			);
			inputPaths = (
				"${SRCROOT}/Pods/Target Support Files/Pods-ListingRestaurant/Pods-ListingRestaurant-frameworks.sh",
				"${BUILT_PRODUCTS_DIR}/Alamofire/Alamofire.framework",
				"${BUILT_PRODUCTS_DIR}/CT_RESTAPI/CT_RESTAPI.framework",
				"${BUILT_PRODUCTS_DIR}/CocoaLumberjack/CocoaLumberjack.framework",
				"${BUILT_PRODUCTS_DIR}/FoldingCell/FoldingCell.framework",
				"${BUILT_PRODUCTS_DIR}/KeychainAccess/KeychainAccess.framework",
				"${BUILT_PRODUCTS_DIR}/Kingfisher/Kingfisher.framework",
				"${BUILT_PRODUCTS_DIR}/ObjectMapper/ObjectMapper.framework",
				"${BUILT_PRODUCTS_DIR}/Realm/Realm.framework",
				"${BUILT_PRODUCTS_DIR}/RealmSwift/RealmSwift.framework",
				"${BUILT_PRODUCTS_DIR}/RxCocoa/RxCocoa.framework",
				"${BUILT_PRODUCTS_DIR}/RxSwift/RxSwift.framework",
				"${BUILT_PRODUCTS_DIR}/SwiftyJSON/SwiftyJSON.framework",
				"${BUILT_PRODUCTS_DIR}/ViewAnimator/ViewAnimator.framework",
			);
			name = "[CP] Embed Pods Frameworks";
			outputPaths = (
				"${TARGET_BUILD_DIR}/${FRAMEWORKS_FOLDER_PATH}/Alamofire.framework",
				"${TARGET_BUILD_DIR}/${FRAMEWORKS_FOLDER_PATH}/CT_RESTAPI.framework",
				"${TARGET_BUILD_DIR}/${FRAMEWORKS_FOLDER_PATH}/CocoaLumberjack.framework",
				"${TARGET_BUILD_DIR}/${FRAMEWORKS_FOLDER_PATH}/FoldingCell.framework",
				"${TARGET_BUILD_DIR}/${FRAMEWORKS_FOLDER_PATH}/KeychainAccess.framework",
				"${TARGET_BUILD_DIR}/${FRAMEWORKS_FOLDER_PATH}/Kingfisher.framework",
				"${TARGET_BUILD_DIR}/${FRAMEWORKS_FOLDER_PATH}/ObjectMapper.framework",
				"${TARGET_BUILD_DIR}/${FRAMEWORKS_FOLDER_PATH}/Realm.framework",
				"${TARGET_BUILD_DIR}/${FRAMEWORKS_FOLDER_PATH}/RealmSwift.framework",
				"${TARGET_BUILD_DIR}/${FRAMEWORKS_FOLDER_PATH}/RxCocoa.framework",
				"${TARGET_BUILD_DIR}/${FRAMEWORKS_FOLDER_PATH}/RxSwift.framework",
				"${TARGET_BUILD_DIR}/${FRAMEWORKS_FOLDER_PATH}/SwiftyJSON.framework",
				"${TARGET_BUILD_DIR}/${FRAMEWORKS_FOLDER_PATH}/ViewAnimator.framework",
			);
			runOnlyForDeploymentPostprocessing = 0;
			shellPath = /bin/sh;
			shellScript = "\"${SRCROOT}/Pods/Target Support Files/Pods-ListingRestaurant/Pods-ListingRestaurant-frameworks.sh\"\n";
			showEnvVarsInLog = 0;
		};
		F485FBA141C0C0EE89C5E0F2 /* [CP] Check Pods Manifest.lock */ = {
			isa = PBXShellScriptBuildPhase;
			buildActionMask = 2147483647;
			files = (
			);
			inputPaths = (
				"${PODS_PODFILE_DIR_PATH}/Podfile.lock",
				"${PODS_ROOT}/Manifest.lock",
			);
			name = "[CP] Check Pods Manifest.lock";
			outputPaths = (
				"$(DERIVED_FILE_DIR)/Pods-ListingRestaurant-ListingRestaurantTests-checkManifestLockResult.txt",
			);
			runOnlyForDeploymentPostprocessing = 0;
			shellPath = /bin/sh;
			shellScript = "diff \"${PODS_PODFILE_DIR_PATH}/Podfile.lock\" \"${PODS_ROOT}/Manifest.lock\" > /dev/null\nif [ $? != 0 ] ; then\n    # print error to STDERR\n    echo \"error: The sandbox is not in sync with the Podfile.lock. Run 'pod install' or update your CocoaPods installation.\" >&2\n    exit 1\nfi\n";
			showEnvVarsInLog = 0;
		};
/* End PBXShellScriptBuildPhase section */

/* Begin PBXSourcesBuildPhase section */
		03C83B122045648400DA5857 /* Sources */ = {
			isa = PBXSourcesBuildPhase;
			buildActionMask = 2147483647;
			files = (
				CE5ECD802045BCF2004BC308 /* User.swift in Sources */,
				CE5ECD862045BD1C004BC308 /* RestaurantViewController.swift in Sources */,
				CE5ECD6D2045B888004BC308 /* UITextField+Extension.swift in Sources */,
				CE5ECD7D2045BC14004BC308 /* ValidateProtocol.swift in Sources */,
				CE5ECD842045BD0F004BC308 /* LoginViewController.swift in Sources */,
				CE5ECD8E2045BF6C004BC308 /* Helper.swift in Sources */,
				CE5ECD752045BA4F004BC308 /* String+Extension.swift in Sources */,
				CE5ECD892045BD46004BC308 /* RestaurantCell.swift in Sources */,
				CE5ECD692045B824004BC308 /* UIViewController+Extension.swift in Sources */,
				CE5ECD732045BA2C004BC308 /* UIApplication+Extension.swift in Sources */,
				03C83B1C2045648400DA5857 /* ViewController.swift in Sources */,
				CE5ECD6F2045B9F2004BC308 /* UIColor+Extension.swift in Sources */,
				CE5ECD6B2045B869004BC308 /* UIView+Extension.swift in Sources */,
				CE5ECD7C2045BC14004BC308 /* ValidateService.swift in Sources */,
				CE5ECD822045BCFC004BC308 /* Restaurant.swift in Sources */,
				CE5ECD7E2045BC14004BC308 /* BindingExtension.swift in Sources */,
				03C83B1A2045648400DA5857 /* AppDelegate.swift in Sources */,
				CE5ECD712045BA10004BC308 /* UIButton+Extension.swift in Sources */,
			);
			runOnlyForDeploymentPostprocessing = 0;
		};
		03C83B262045648400DA5857 /* Sources */ = {
			isa = PBXSourcesBuildPhase;
			buildActionMask = 2147483647;
			files = (
				03C83B2F2045648400DA5857 /* ListingRestaurantTests.swift in Sources */,
			);
			runOnlyForDeploymentPostprocessing = 0;
		};
		03C83B312045648400DA5857 /* Sources */ = {
			isa = PBXSourcesBuildPhase;
			buildActionMask = 2147483647;
			files = (
				03C83B3A2045648400DA5857 /* ListingRestaurantUITests.swift in Sources */,
			);
			runOnlyForDeploymentPostprocessing = 0;
		};
/* End PBXSourcesBuildPhase section */

/* Begin PBXTargetDependency section */
		03C83B2C2045648400DA5857 /* PBXTargetDependency */ = {
			isa = PBXTargetDependency;
			target = 03C83B152045648400DA5857 /* ListingRestaurant */;
			targetProxy = 03C83B2B2045648400DA5857 /* PBXContainerItemProxy */;
		};
		03C83B372045648400DA5857 /* PBXTargetDependency */ = {
			isa = PBXTargetDependency;
			target = 03C83B152045648400DA5857 /* ListingRestaurant */;
			targetProxy = 03C83B362045648400DA5857 /* PBXContainerItemProxy */;
		};
/* End PBXTargetDependency section */

/* Begin PBXVariantGroup section */
		03C83B1D2045648400DA5857 /* Main.storyboard */ = {
			isa = PBXVariantGroup;
			children = (
				03C83B1E2045648400DA5857 /* Base */,
			);
			name = Main.storyboard;
			sourceTree = "<group>";
		};
		03C83B222045648400DA5857 /* LaunchScreen.storyboard */ = {
			isa = PBXVariantGroup;
			children = (
				03C83B232045648400DA5857 /* Base */,
			);
			name = LaunchScreen.storyboard;
			sourceTree = "<group>";
		};
/* End PBXVariantGroup section */

/* Begin XCBuildConfiguration section */
		03C83B3C2045648400DA5857 /* Debug */ = {
			isa = XCBuildConfiguration;
			buildSettings = {
				ALWAYS_SEARCH_USER_PATHS = NO;
				CLANG_ANALYZER_NONNULL = YES;
				CLANG_ANALYZER_NUMBER_OBJECT_CONVERSION = YES_AGGRESSIVE;
				CLANG_CXX_LANGUAGE_STANDARD = "gnu++14";
				CLANG_CXX_LIBRARY = "libc++";
				CLANG_ENABLE_MODULES = YES;
				CLANG_ENABLE_OBJC_ARC = YES;
				CLANG_WARN_BLOCK_CAPTURE_AUTORELEASING = YES;
				CLANG_WARN_BOOL_CONVERSION = YES;
				CLANG_WARN_COMMA = YES;
				CLANG_WARN_CONSTANT_CONVERSION = YES;
				CLANG_WARN_DIRECT_OBJC_ISA_USAGE = YES_ERROR;
				CLANG_WARN_DOCUMENTATION_COMMENTS = YES;
				CLANG_WARN_EMPTY_BODY = YES;
				CLANG_WARN_ENUM_CONVERSION = YES;
				CLANG_WARN_INFINITE_RECURSION = YES;
				CLANG_WARN_INT_CONVERSION = YES;
				CLANG_WARN_NON_LITERAL_NULL_CONVERSION = YES;
				CLANG_WARN_OBJC_LITERAL_CONVERSION = YES;
				CLANG_WARN_OBJC_ROOT_CLASS = YES_ERROR;
				CLANG_WARN_RANGE_LOOP_ANALYSIS = YES;
				CLANG_WARN_STRICT_PROTOTYPES = YES;
				CLANG_WARN_SUSPICIOUS_MOVE = YES;
				CLANG_WARN_UNGUARDED_AVAILABILITY = YES_AGGRESSIVE;
				CLANG_WARN_UNREACHABLE_CODE = YES;
				CLANG_WARN__DUPLICATE_METHOD_MATCH = YES;
				CODE_SIGN_IDENTITY = "iPhone Developer";
				COPY_PHASE_STRIP = NO;
				DEBUG_INFORMATION_FORMAT = dwarf;
				ENABLE_STRICT_OBJC_MSGSEND = YES;
				ENABLE_TESTABILITY = YES;
				GCC_C_LANGUAGE_STANDARD = gnu11;
				GCC_DYNAMIC_NO_PIC = NO;
				GCC_NO_COMMON_BLOCKS = YES;
				GCC_OPTIMIZATION_LEVEL = 0;
				GCC_PREPROCESSOR_DEFINITIONS = (
					"DEBUG=1",
					"$(inherited)",
				);
				GCC_WARN_64_TO_32_BIT_CONVERSION = YES;
				GCC_WARN_ABOUT_RETURN_TYPE = YES_ERROR;
				GCC_WARN_UNDECLARED_SELECTOR = YES;
				GCC_WARN_UNINITIALIZED_AUTOS = YES_AGGRESSIVE;
				GCC_WARN_UNUSED_FUNCTION = YES;
				GCC_WARN_UNUSED_VARIABLE = YES;
				IPHONEOS_DEPLOYMENT_TARGET = 11.2;
				MTL_ENABLE_DEBUG_INFO = YES;
				ONLY_ACTIVE_ARCH = YES;
				SDKROOT = iphoneos;
				SWIFT_ACTIVE_COMPILATION_CONDITIONS = DEBUG;
				SWIFT_OPTIMIZATION_LEVEL = "-Onone";
			};
			name = Debug;
		};
		03C83B3D2045648400DA5857 /* Release */ = {
			isa = XCBuildConfiguration;
			buildSettings = {
				ALWAYS_SEARCH_USER_PATHS = NO;
				CLANG_ANALYZER_NONNULL = YES;
				CLANG_ANALYZER_NUMBER_OBJECT_CONVERSION = YES_AGGRESSIVE;
				CLANG_CXX_LANGUAGE_STANDARD = "gnu++14";
				CLANG_CXX_LIBRARY = "libc++";
				CLANG_ENABLE_MODULES = YES;
				CLANG_ENABLE_OBJC_ARC = YES;
				CLANG_WARN_BLOCK_CAPTURE_AUTORELEASING = YES;
				CLANG_WARN_BOOL_CONVERSION = YES;
				CLANG_WARN_COMMA = YES;
				CLANG_WARN_CONSTANT_CONVERSION = YES;
				CLANG_WARN_DIRECT_OBJC_ISA_USAGE = YES_ERROR;
				CLANG_WARN_DOCUMENTATION_COMMENTS = YES;
				CLANG_WARN_EMPTY_BODY = YES;
				CLANG_WARN_ENUM_CONVERSION = YES;
				CLANG_WARN_INFINITE_RECURSION = YES;
				CLANG_WARN_INT_CONVERSION = YES;
				CLANG_WARN_NON_LITERAL_NULL_CONVERSION = YES;
				CLANG_WARN_OBJC_LITERAL_CONVERSION = YES;
				CLANG_WARN_OBJC_ROOT_CLASS = YES_ERROR;
				CLANG_WARN_RANGE_LOOP_ANALYSIS = YES;
				CLANG_WARN_STRICT_PROTOTYPES = YES;
				CLANG_WARN_SUSPICIOUS_MOVE = YES;
				CLANG_WARN_UNGUARDED_AVAILABILITY = YES_AGGRESSIVE;
				CLANG_WARN_UNREACHABLE_CODE = YES;
				CLANG_WARN__DUPLICATE_METHOD_MATCH = YES;
				CODE_SIGN_IDENTITY = "iPhone Developer";
				COPY_PHASE_STRIP = NO;
				DEBUG_INFORMATION_FORMAT = "dwarf-with-dsym";
				ENABLE_NS_ASSERTIONS = NO;
				ENABLE_STRICT_OBJC_MSGSEND = YES;
				GCC_C_LANGUAGE_STANDARD = gnu11;
				GCC_NO_COMMON_BLOCKS = YES;
				GCC_WARN_64_TO_32_BIT_CONVERSION = YES;
				GCC_WARN_ABOUT_RETURN_TYPE = YES_ERROR;
				GCC_WARN_UNDECLARED_SELECTOR = YES;
				GCC_WARN_UNINITIALIZED_AUTOS = YES_AGGRESSIVE;
				GCC_WARN_UNUSED_FUNCTION = YES;
				GCC_WARN_UNUSED_VARIABLE = YES;
				IPHONEOS_DEPLOYMENT_TARGET = 11.2;
				MTL_ENABLE_DEBUG_INFO = NO;
				SDKROOT = iphoneos;
				SWIFT_OPTIMIZATION_LEVEL = "-Owholemodule";
				VALIDATE_PRODUCT = YES;
			};
			name = Release;
		};
		03C83B3F2045648400DA5857 /* Debug */ = {
			isa = XCBuildConfiguration;
			baseConfigurationReference = C58C4EBA77F940C571959F52 /* Pods-ListingRestaurant.debug.xcconfig */;
			buildSettings = {
				ASSETCATALOG_COMPILER_APPICON_NAME = AppIcon;
				CODE_SIGN_STYLE = Automatic;
				DEVELOPMENT_TEAM = S4L5HY6Q7D;
				INFOPLIST_FILE = ListingRestaurant/Info.plist;
				LD_RUNPATH_SEARCH_PATHS = "$(inherited) @executable_path/Frameworks";
				PRODUCT_BUNDLE_IDENTIFIER = canh.tran.ListingRestaurant;
				PRODUCT_NAME = "$(TARGET_NAME)";
				SWIFT_VERSION = 4.0;
				TARGETED_DEVICE_FAMILY = "1,2";
			};
			name = Debug;
		};
		03C83B402045648400DA5857 /* Release */ = {
			isa = XCBuildConfiguration;
			baseConfigurationReference = D379821176EC30FD35F92926 /* Pods-ListingRestaurant.release.xcconfig */;
			buildSettings = {
				ASSETCATALOG_COMPILER_APPICON_NAME = AppIcon;
				CODE_SIGN_STYLE = Automatic;
				DEVELOPMENT_TEAM = S4L5HY6Q7D;
				INFOPLIST_FILE = ListingRestaurant/Info.plist;
				LD_RUNPATH_SEARCH_PATHS = "$(inherited) @executable_path/Frameworks";
				PRODUCT_BUNDLE_IDENTIFIER = canh.tran.ListingRestaurant;
				PRODUCT_NAME = "$(TARGET_NAME)";
				SWIFT_VERSION = 4.0;
				TARGETED_DEVICE_FAMILY = "1,2";
			};
			name = Release;
		};
		03C83B422045648400DA5857 /* Debug */ = {
			isa = XCBuildConfiguration;
			baseConfigurationReference = 0DD6F018FECA7085B9689E73 /* Pods-ListingRestaurant-ListingRestaurantTests.debug.xcconfig */;
			buildSettings = {
				ALWAYS_EMBED_SWIFT_STANDARD_LIBRARIES = YES;
				BUNDLE_LOADER = "$(TEST_HOST)";
				CODE_SIGN_STYLE = Automatic;
				DEVELOPMENT_TEAM = S4L5HY6Q7D;
				INFOPLIST_FILE = ListingRestaurantTests/Info.plist;
				LD_RUNPATH_SEARCH_PATHS = "$(inherited) @executable_path/Frameworks @loader_path/Frameworks";
				PRODUCT_BUNDLE_IDENTIFIER = canh.tran.ListingRestaurantTests;
				PRODUCT_NAME = "$(TARGET_NAME)";
				SWIFT_VERSION = 4.0;
				TARGETED_DEVICE_FAMILY = "1,2";
				TEST_HOST = "$(BUILT_PRODUCTS_DIR)/ListingRestaurant.app/ListingRestaurant";
			};
			name = Debug;
		};
		03C83B432045648400DA5857 /* Release */ = {
			isa = XCBuildConfiguration;
			baseConfigurationReference = 677DBC9F6B16B4FEF0081781 /* Pods-ListingRestaurant-ListingRestaurantTests.release.xcconfig */;
			buildSettings = {
				ALWAYS_EMBED_SWIFT_STANDARD_LIBRARIES = YES;
				BUNDLE_LOADER = "$(TEST_HOST)";
				CODE_SIGN_STYLE = Automatic;
				DEVELOPMENT_TEAM = S4L5HY6Q7D;
				INFOPLIST_FILE = ListingRestaurantTests/Info.plist;
				LD_RUNPATH_SEARCH_PATHS = "$(inherited) @executable_path/Frameworks @loader_path/Frameworks";
				PRODUCT_BUNDLE_IDENTIFIER = canh.tran.ListingRestaurantTests;
				PRODUCT_NAME = "$(TARGET_NAME)";
				SWIFT_VERSION = 4.0;
				TARGETED_DEVICE_FAMILY = "1,2";
				TEST_HOST = "$(BUILT_PRODUCTS_DIR)/ListingRestaurant.app/ListingRestaurant";
			};
			name = Release;
		};
		03C83B452045648400DA5857 /* Debug */ = {
			isa = XCBuildConfiguration;
			baseConfigurationReference = CB9360C69826FEC4A0C60896 /* Pods-ListingRestaurantUITests.debug.xcconfig */;
			buildSettings = {
				ALWAYS_EMBED_SWIFT_STANDARD_LIBRARIES = YES;
				CODE_SIGN_STYLE = Automatic;
				DEVELOPMENT_TEAM = S4L5HY6Q7D;
				INFOPLIST_FILE = ListingRestaurantUITests/Info.plist;
				LD_RUNPATH_SEARCH_PATHS = "$(inherited) @executable_path/Frameworks @loader_path/Frameworks";
				PRODUCT_BUNDLE_IDENTIFIER = canh.tran.ListingRestaurantUITests;
				PRODUCT_NAME = "$(TARGET_NAME)";
				SWIFT_VERSION = 4.0;
				TARGETED_DEVICE_FAMILY = "1,2";
				TEST_TARGET_NAME = ListingRestaurant;
			};
			name = Debug;
		};
		03C83B462045648400DA5857 /* Release */ = {
			isa = XCBuildConfiguration;
			baseConfigurationReference = D5745487996BE9C2B34224C8 /* Pods-ListingRestaurantUITests.release.xcconfig */;
			buildSettings = {
				ALWAYS_EMBED_SWIFT_STANDARD_LIBRARIES = YES;
				CODE_SIGN_STYLE = Automatic;
				DEVELOPMENT_TEAM = S4L5HY6Q7D;
				INFOPLIST_FILE = ListingRestaurantUITests/Info.plist;
				LD_RUNPATH_SEARCH_PATHS = "$(inherited) @executable_path/Frameworks @loader_path/Frameworks";
				PRODUCT_BUNDLE_IDENTIFIER = canh.tran.ListingRestaurantUITests;
				PRODUCT_NAME = "$(TARGET_NAME)";
				SWIFT_VERSION = 4.0;
				TARGETED_DEVICE_FAMILY = "1,2";
				TEST_TARGET_NAME = ListingRestaurant;
			};
			name = Release;
		};
/* End XCBuildConfiguration section */

/* Begin XCConfigurationList section */
		03C83B112045648400DA5857 /* Build configuration list for PBXProject "ListingRestaurant" */ = {
			isa = XCConfigurationList;
			buildConfigurations = (
				03C83B3C2045648400DA5857 /* Debug */,
				03C83B3D2045648400DA5857 /* Release */,
			);
			defaultConfigurationIsVisible = 0;
			defaultConfigurationName = Release;
		};
		03C83B3E2045648400DA5857 /* Build configuration list for PBXNativeTarget "ListingRestaurant" */ = {
			isa = XCConfigurationList;
			buildConfigurations = (
				03C83B3F2045648400DA5857 /* Debug */,
				03C83B402045648400DA5857 /* Release */,
			);
			defaultConfigurationIsVisible = 0;
			defaultConfigurationName = Release;
		};
		03C83B412045648400DA5857 /* Build configuration list for PBXNativeTarget "ListingRestaurantTests" */ = {
			isa = XCConfigurationList;
			buildConfigurations = (
				03C83B422045648400DA5857 /* Debug */,
				03C83B432045648400DA5857 /* Release */,
			);
			defaultConfigurationIsVisible = 0;
			defaultConfigurationName = Release;
		};
		03C83B442045648400DA5857 /* Build configuration list for PBXNativeTarget "ListingRestaurantUITests" */ = {
			isa = XCConfigurationList;
			buildConfigurations = (
				03C83B452045648400DA5857 /* Debug */,
				03C83B462045648400DA5857 /* Release */,
			);
			defaultConfigurationIsVisible = 0;
			defaultConfigurationName = Release;
		};
/* End XCConfigurationList section */
	};
	rootObject = 03C83B0E2045648400DA5857 /* Project object */;
}
