PODS:
  - Alamofire (4.6.0)
  - AMScrollingNavbar (4.2.1)
  - CocoaLumberjack/Default (3.4.1)
  - CocoaLumberjack/Swift (3.4.1):
    - CocoaLumberjack/Default
  - CT_RESTAPI (1.0.0):
    - Alamofire
    - CocoaLumberjack/Swift
    - RxSwift
  - IQKeyboardManagerSwift (5.0.7)
  - KeychainAccess (3.1.0)
  - Kingfisher (4.6.1)
  - Nimble (7.0.3)
  - Quick (1.2.0)
  - RxCocoa (4.1.2):
    - RxSwift (~> 4.0)
  - RxSwift (4.1.2)
  - SVProgressHUD (2.1.2)
  - TPKeyboardAvoiding (1.3.2)

DEPENDENCIES:
  - Alamofire
  - AMScrollingNavbar
  - CT_RESTAPI (from `LocalPods/CT_RESTAPI/`)
  - IQKeyboardManagerSwift
  - KeychainAccess
  - Kingfisher (~> 4.6)
  - Nimble (~> 7.0)
  - Quick (~> 1.2)
  - RxCocoa
  - RxSwift
  - SVProgressHUD (= 2.1.2)
  - TPKeyboardAvoiding (~> 1.3)

EXTERNAL SOURCES:
  CT_RESTAPI:
    :path: LocalPods/CT_RESTAPI/

SPEC CHECKSUMS:
  Alamofire: f41a599bd63041760b26d393ec1069d9d7b917f4
  AMScrollingNavbar: 84d998ea885809d61bbc886053115ec3f2a64f41
  CocoaLumberjack: 2e258a064cacc8eb9a2aca318e24d02a0a7fd56d
  CT_RESTAPI: 4b018e5244dd7203ffedc5b7f805c7f1ba46df89
  IQKeyboardManagerSwift: 30fb3a61de1af53a95e02b80fb54ed0a19d5ede5
  KeychainAccess: 94c5540b32eabf7bc32bfb976a268e8ea05fd6da
  Kingfisher: 1f9157d9c02b380cbd0b7cc890161195164eb634
  Nimble: 7f5a9c447a33002645a071bddafbfb24ea70e0ac
  Quick: 58d203b1c5e27fff7229c4c1ae445ad7069a7a08
  RxCocoa: d88ba0f1f6abf040011a9eb4b539324fc426843a
  RxSwift: e49536837d9901277638493ea537394d4b55f570
  SVProgressHUD: c404a55d78acbeb7ebb78b76d3faf986475a6994
  TPKeyboardAvoiding: cb69d5ddbe90ce0170e4bc2db1e5e41d4a3ad9a4

PODFILE CHECKSUM: 42403da04f461d8b8dcc2697ddfdfd713d1b664a

COCOAPODS: 1.2.1
